
Microsoft Visual Studio Solution File, Format Version 11.00
# Visual Studio 2010
Project("{FAE04EC0-301F-11D3-BF4B-00C04F79EFBC}") = "Scripts", "Scripts.csproj", "{6d24e7f9-18f2-0d39-5eb8-9f901294660e}"
EndProject
Project("{FAE04EC0-301F-11D3-BF4B-00C04F79EFBC}") = "Tests", "Tests.csproj", "{ebeff368-61e6-865a-962d-e3e494815ba8}"
EndProject
Global
	GlobalSection(SolutionConfigurationPlatforms) = preSolution
		Debug|Any CPU = Debug|Any CPU
	EndGlobalSection
	GlobalSection(ProjectConfigurationPlatforms) = postSolution
		{6d24e7f9-18f2-0d39-5eb8-9f901294660e}.Debug|Any CPU.ActiveCfg = Debug|Any CPU
		{6d24e7f9-18f2-0d39-5eb8-9f901294660e}.Debug|Any CPU.Build.0 = Debug|Any CPU
		{ebeff368-61e6-865a-962d-e3e494815ba8}.Debug|Any CPU.ActiveCfg = Debug|Any CPU
		{ebeff368-61e6-865a-962d-e3e494815ba8}.Debug|Any CPU.Build.0 = Debug|Any CPU
	EndGlobalSection
	GlobalSection(SolutionProperties) = preSolution
		HideSolutionNode = FALSE
	EndGlobalSection
EndGlobal
